
Microsoft Visual Studio Solution File, Format Version 12.00
# Visual Studio Version 17
VisualStudioVersion = 17.11.35312.102
MinimumVisualStudioVersion = 10.0.40219.1
Project("{2150E333-8FDC-42A3-9474-1A3956D46DE8}") = "Task3", "Task3", "{AA1670AA-614A-44AD-977D-6BCE8F842204}"
EndProject
Project("{FAE04EC0-301F-11D3-BF4B-00C04F79EFBC}") = "Tyuiu.MolchankinaAS.Sprint1.Task3.V10", "Tyuiu.MolchankinaAS.Sprint1.Task3.V10\Tyuiu.MolchankinaAS.Sprint1.Task3.V10.csproj", "{F563FA8A-175A-40C0-AA3A-E4D6543D93D4}"
EndProject
Project("{FAE04EC0-301F-11D3-BF4B-00C04F79EFBC}") = "Tyuiu.MolchankinaAS.Sprint1.Task3.V10.Lib", "Tyuiu.MolchankinaAS.Sprint1.Task3.V10.Lib\Tyuiu.MolchankinaAS.Sprint1.Task3.V10.Lib.csproj", "{D87935B8-28CB-4426-AA47-B0AAA4881BD4}"
EndProject
Project("{FAE04EC0-301F-11D3-BF4B-00C04F79EFBC}") = "Tyuiu.MolchankinaAS.Sprint1.Task3.V10.Test", "Tyuiu.MolchankinaAS.Sprint1.Task3.V10.Test\Tyuiu.MolchankinaAS.Sprint1.Task3.V10.Test.csproj", "{97CAF61A-C6D8-425D-AB15-837F8B0B1644}"
EndProject
Global
	GlobalSection(SolutionConfigurationPlatforms) = preSolution
		Debug|Any CPU = Debug|Any CPU
		Release|Any CPU = Release|Any CPU
	EndGlobalSection
	GlobalSection(ProjectConfigurationPlatforms) = postSolution
		{F563FA8A-175A-40C0-AA3A-E4D6543D93D4}.Debug|Any CPU.ActiveCfg = Debug|Any CPU
		{F563FA8A-175A-40C0-AA3A-E4D6543D93D4}.Debug|Any CPU.Build.0 = Debug|Any CPU
		{F563FA8A-175A-40C0-AA3A-E4D6543D93D4}.Release|Any CPU.ActiveCfg = Release|Any CPU
		{F563FA8A-175A-40C0-AA3A-E4D6543D93D4}.Release|Any CPU.Build.0 = Release|Any CPU
		{D87935B8-28CB-4426-AA47-B0AAA4881BD4}.Debug|Any CPU.ActiveCfg = Debug|Any CPU
		{D87935B8-28CB-4426-AA47-B0AAA4881BD4}.Debug|Any CPU.Build.0 = Debug|Any CPU
		{D87935B8-28CB-4426-AA47-B0AAA4881BD4}.Release|Any CPU.ActiveCfg = Release|Any CPU
		{D87935B8-28CB-4426-AA47-B0AAA4881BD4}.Release|Any CPU.Build.0 = Release|Any CPU
		{97CAF61A-C6D8-425D-AB15-837F8B0B1644}.Debug|Any CPU.ActiveCfg = Debug|Any CPU
		{97CAF61A-C6D8-425D-AB15-837F8B0B1644}.Debug|Any CPU.Build.0 = Debug|Any CPU
		{97CAF61A-C6D8-425D-AB15-837F8B0B1644}.Release|Any CPU.ActiveCfg = Release|Any CPU
		{97CAF61A-C6D8-425D-AB15-837F8B0B1644}.Release|Any CPU.Build.0 = Release|Any CPU
	EndGlobalSection
	GlobalSection(SolutionProperties) = preSolution
		HideSolutionNode = FALSE
	EndGlobalSection
	GlobalSection(NestedProjects) = preSolution
		{F563FA8A-175A-40C0-AA3A-E4D6543D93D4} = {AA1670AA-614A-44AD-977D-6BCE8F842204}
		{D87935B8-28CB-4426-AA47-B0AAA4881BD4} = {AA1670AA-614A-44AD-977D-6BCE8F842204}
		{97CAF61A-C6D8-425D-AB15-837F8B0B1644} = {AA1670AA-614A-44AD-977D-6BCE8F842204}
	EndGlobalSection
	GlobalSection(ExtensibilityGlobals) = postSolution
		SolutionGuid = {A46B4E38-B7B6-480A-9F31-51B98EEF04D6}
	EndGlobalSection
EndGlobal
